// !$*UTF8*$!
{
	archiveVersion = 1;
	classes = {
	};
	objectVersion = 46;
	objects = {

/* Begin PBXBuildFile section */
		167F80AC1956CB44007CBD03 /* AppDelegate.swift in Sources */ = {isa = PBXBuildFile; fileRef = 167F80AB1956CB44007CBD03 /* AppDelegate.swift */; };
		167F80AF1956CB44007CBD03 /* SwiftLesson.xcdatamodeld in Sources */ = {isa = PBXBuildFile; fileRef = 167F80AD1956CB44007CBD03 /* SwiftLesson.xcdatamodeld */; };
		167F80B11956CB44007CBD03 /* ViewController.swift in Sources */ = {isa = PBXBuildFile; fileRef = 167F80B01956CB44007CBD03 /* ViewController.swift */; };
		167F80B41956CB44007CBD03 /* Main.storyboard in Resources */ = {isa = PBXBuildFile; fileRef = 167F80B21956CB44007CBD03 /* Main.storyboard */; };
		167F80B61956CB44007CBD03 /* Images.xcassets in Resources */ = {isa = PBXBuildFile; fileRef = 167F80B51956CB44007CBD03 /* Images.xcassets */; };
		167F80C21956CB44007CBD03 /* SwiftLessonTests.swift in Sources */ = {isa = PBXBuildFile; fileRef = 167F80C11956CB44007CBD03 /* SwiftLessonTests.swift */; };
/* End PBXBuildFile section */

/* Begin PBXContainerItemProxy section */
		167F80BC1956CB44007CBD03 /* PBXContainerItemProxy */ = {
			isa = PBXContainerItemProxy;
			containerPortal = 167F809E1956CB44007CBD03 /* Project object */;
			proxyType = 1;
			remoteGlobalIDString = 167F80A51956CB44007CBD03;
			remoteInfo = SwiftLesson;
		};
/* End PBXContainerItemProxy section */

/* Begin PBXFileReference section */
		167F80A61956CB44007CBD03 /* SwiftLesson.app */ = {isa = PBXFileReference; explicitFileType = wrapper.application; includeInIndex = 0; path = SwiftLesson.app; sourceTree = BUILT_PRODUCTS_DIR; };
		167F80AA1956CB44007CBD03 /* Info.plist */ = {isa = PBXFileReference; lastKnownFileType = text.plist.xml; path = Info.plist; sourceTree = "<group>"; };
		167F80AB1956CB44007CBD03 /* AppDelegate.swift */ = {isa = PBXFileReference; lastKnownFileType = sourcecode.swift; path = AppDelegate.swift; sourceTree = "<group>"; };
		167F80AE1956CB44007CBD03 /* SwiftLesson.xcdatamodel */ = {isa = PBXFileReference; lastKnownFileType = wrapper.xcdatamodel; path = SwiftLesson.xcdatamodel; sourceTree = "<group>"; };
		167F80B01956CB44007CBD03 /* ViewController.swift */ = {isa = PBXFileReference; lastKnownFileType = sourcecode.swift; path = ViewController.swift; sourceTree = "<group>"; };
		167F80B31956CB44007CBD03 /* Base */ = {isa = PBXFileReference; lastKnownFileType = file.storyboard; name = Base; path = Base.lproj/Main.storyboard; sourceTree = "<group>"; };
		167F80B51956CB44007CBD03 /* Images.xcassets */ = {isa = PBXFileReference; lastKnownFileType = folder.assetcatalog; path = Images.xcassets; sourceTree = "<group>"; };
		167F80BB1956CB44007CBD03 /* SwiftLessonTests.xctest */ = {isa = PBXFileReference; explicitFileType = wrapper.cfbundle; includeInIndex = 0; path = SwiftLessonTests.xctest; sourceTree = BUILT_PRODUCTS_DIR; };
		167F80C01956CB44007CBD03 /* Info.plist */ = {isa = PBXFileReference; lastKnownFileType = text.plist.xml; path = Info.plist; sourceTree = "<group>"; };
		167F80C11956CB44007CBD03 /* SwiftLessonTests.swift */ = {isa = PBXFileReference; lastKnownFileType = sourcecode.swift; path = SwiftLessonTests.swift; sourceTree = "<group>"; };
/* End PBXFileReference section */

/* Begin PBXFrameworksBuildPhase section */
		167F80A31956CB44007CBD03 /* Frameworks */ = {
			isa = PBXFrameworksBuildPhase;
			buildActionMask = 2147483647;
			files = (
			);
			runOnlyForDeploymentPostprocessing = 0;
		};
		167F80B81956CB44007CBD03 /* Frameworks */ = {
			isa = PBXFrameworksBuildPhase;
			buildActionMask = 2147483647;
			files = (
			);
			runOnlyForDeploymentPostprocessing = 0;
		};
/* End PBXFrameworksBuildPhase section */

/* Begin PBXGroup section */
		167F809D1956CB44007CBD03 = {
			isa = PBXGroup;
			children = (
				167F80A81956CB44007CBD03 /* SwiftLesson */,
				167F80BE1956CB44007CBD03 /* SwiftLessonTests */,
				167F80A71956CB44007CBD03 /* Products */,
			);
			sourceTree = "<group>";
		};
		167F80A71956CB44007CBD03 /* Products */ = {
			isa = PBXGroup;
			children = (
				167F80A61956CB44007CBD03 /* SwiftLesson.app */,
				167F80BB1956CB44007CBD03 /* SwiftLessonTests.xctest */,
			);
			name = Products;
			sourceTree = "<group>";
		};
		167F80A81956CB44007CBD03 /* SwiftLesson */ = {
			isa = PBXGroup;
			children = (
				167F80AB1956CB44007CBD03 /* AppDelegate.swift */,
				167F80B01956CB44007CBD03 /* ViewController.swift */,
				167F80B21956CB44007CBD03 /* Main.storyboard */,
				167F80B51956CB44007CBD03 /* Images.xcassets */,
				167F80AD1956CB44007CBD03 /* SwiftLesson.xcdatamodeld */,
				167F80A91956CB44007CBD03 /* Supporting Files */,
			);
			path = SwiftLesson;
			sourceTree = "<group>";
		};
		167F80A91956CB44007CBD03 /* Supporting Files */ = {
			isa = PBXGroup;
			children = (
				167F80AA1956CB44007CBD03 /* Info.plist */,
			);
			name = "Supporting Files";
			sourceTree = "<group>";
		};
		167F80BE1956CB44007CBD03 /* SwiftLessonTests */ = {
			isa = PBXGroup;
			children = (
				167F80C11956CB44007CBD03 /* SwiftLessonTests.swift */,
				167F80BF1956CB44007CBD03 /* Supporting Files */,
			);
			path = SwiftLessonTests;
			sourceTree = "<group>";
		};
		167F80BF1956CB44007CBD03 /* Supporting Files */ = {
			isa = PBXGroup;
			children = (
				167F80C01956CB44007CBD03 /* Info.plist */,
			);
			name = "Supporting Files";
			sourceTree = "<group>";
		};
/* End PBXGroup section */

/* Begin PBXNativeTarget section */
		167F80A51956CB44007CBD03 /* SwiftLesson */ = {
			isa = PBXNativeTarget;
			buildConfigurationList = 167F80C51956CB44007CBD03 /* Build configuration list for PBXNativeTarget "SwiftLesson" */;
			buildPhases = (
				167F80A21956CB44007CBD03 /* Sources */,
				167F80A31956CB44007CBD03 /* Frameworks */,
				167F80A41956CB44007CBD03 /* Resources */,
			);
			buildRules = (
			);
			dependencies = (
			);
			name = SwiftLesson;
			productName = SwiftLesson;
			productReference = 167F80A61956CB44007CBD03 /* SwiftLesson.app */;
			productType = "com.apple.product-type.application";
		};
		167F80BA1956CB44007CBD03 /* SwiftLessonTests */ = {
			isa = PBXNativeTarget;
			buildConfigurationList = 167F80C81956CB44007CBD03 /* Build configuration list for PBXNativeTarget "SwiftLessonTests" */;
			buildPhases = (
				167F80B71956CB44007CBD03 /* Sources */,
				167F80B81956CB44007CBD03 /* Frameworks */,
				167F80B91956CB44007CBD03 /* Resources */,
			);
			buildRules = (
			);
			dependencies = (
				167F80BD1956CB44007CBD03 /* PBXTargetDependency */,
			);
			name = SwiftLessonTests;
			productName = SwiftLessonTests;
			productReference = 167F80BB1956CB44007CBD03 /* SwiftLessonTests.xctest */;
			productType = "com.apple.product-type.bundle.unit-test";
		};
/* End PBXNativeTarget section */

/* Begin PBXProject section */
		167F809E1956CB44007CBD03 /* Project object */ = {
			isa = PBXProject;
			attributes = {
				LastUpgradeCheck = 0600;
				TargetAttributes = {
					167F80A51956CB44007CBD03 = {
						CreatedOnToolsVersion = 6.0;
					};
					167F80BA1956CB44007CBD03 = {
						CreatedOnToolsVersion = 6.0;
						TestTargetID = 167F80A51956CB44007CBD03;
					};
				};
			};
			buildConfigurationList = 167F80A11956CB44007CBD03 /* Build configuration list for PBXProject "SwiftLesson" */;
			compatibilityVersion = "Xcode 3.2";
			developmentRegion = English;
			hasScannedForEncodings = 0;
			knownRegions = (
				en,
				Base,
			);
			mainGroup = 167F809D1956CB44007CBD03;
			productRefGroup = 167F80A71956CB44007CBD03 /* Products */;
			projectDirPath = "";
			projectRoot = "";
			targets = (
				167F80A51956CB44007CBD03 /* SwiftLesson */,
				167F80BA1956CB44007CBD03 /* SwiftLessonTests */,
			);
		};
/* End PBXProject section */

/* Begin PBXResourcesBuildPhase section */
		167F80A41956CB44007CBD03 /* Resources */ = {
			isa = PBXResourcesBuildPhase;
			buildActionMask = 2147483647;
			files = (
				167F80B41956CB44007CBD03 /* Main.storyboard in Resources */,
				167F80B61956CB44007CBD03 /* Images.xcassets in Resources */,
			);
			runOnlyForDeploymentPostprocessing = 0;
		};
		167F80B91956CB44007CBD03 /* Resources */ = {
			isa = PBXResourcesBuildPhase;
			buildActionMask = 2147483647;
			files = (
			);
			runOnlyForDeploymentPostprocessing = 0;
		};
/* End PBXResourcesBuildPhase section */

/* Begin PBXSourcesBuildPhase section */
		167F80A21956CB44007CBD03 /* Sources */ = {
			isa = PBXSourcesBuildPhase;
			buildActionMask = 2147483647;
			files = (
				167F80B11956CB44007CBD03 /* ViewController.swift in Sources */,
				167F80AC1956CB44007CBD03 /* AppDelegate.swift in Sources */,
				167F80AF1956CB44007CBD03 /* SwiftLesson.xcdatamodeld in Sources */,
			);
			runOnlyForDeploymentPostprocessing = 0;
		};
		167F80B71956CB44007CBD03 /* Sources */ = {
			isa = PBXSourcesBuildPhase;
			buildActionMask = 2147483647;
			files = (
				167F80C21956CB44007CBD03 /* SwiftLessonTests.swift in Sources */,
			);
			runOnlyForDeploymentPostprocessing = 0;
		};
/* End PBXSourcesBuildPhase section */

/* Begin PBXTargetDependency section */
		167F80BD1956CB44007CBD03 /* PBXTargetDependency */ = {
			isa = PBXTargetDependency;
			target = 167F80A51956CB44007CBD03 /* SwiftLesson */;
			targetProxy = 167F80BC1956CB44007CBD03 /* PBXContainerItemProxy */;
		};
/* End PBXTargetDependency section */

/* Begin PBXVariantGroup section */
		167F80B21956CB44007CBD03 /* Main.storyboard */ = {
			isa = PBXVariantGroup;
			children = (
				167F80B31956CB44007CBD03 /* Base */,
			);
			name = Main.storyboard;
			sourceTree = "<group>";
		};
/* End PBXVariantGroup section */

/* Begin XCBuildConfiguration section */
		167F80C31956CB44007CBD03 /* Debug */ = {
			isa = XCBuildConfiguration;
			buildSettings = {
				ALWAYS_SEARCH_USER_PATHS = NO;
				CLANG_CXX_LANGUAGE_STANDARD = "gnu++0x";
				CLANG_CXX_LIBRARY = "libc++";
				CLANG_ENABLE_MODULES = YES;
				CLANG_ENABLE_OBJC_ARC = YES;
				CLANG_WARN_BOOL_CONVERSION = YES;
				CLANG_WARN_CONSTANT_CONVERSION = YES;
				CLANG_WARN_DIRECT_OBJC_ISA_USAGE = YES_ERROR;
				CLANG_WARN_EMPTY_BODY = YES;
				CLANG_WARN_ENUM_CONVERSION = YES;
				CLANG_WARN_INT_CONVERSION = YES;
				CLANG_WARN_OBJC_ROOT_CLASS = YES_ERROR;
				CLANG_WARN_UNREACHABLE_CODE = YES;
				CLANG_WARN__DUPLICATE_METHOD_MATCH = YES;
				"CODE_SIGN_IDENTITY[sdk=iphoneos*]" = "iPhone Developer";
				COPY_PHASE_STRIP = NO;
				ENABLE_STRICT_OBJC_MSGSEND = YES;
				GCC_C_LANGUAGE_STANDARD = gnu99;
				GCC_DYNAMIC_NO_PIC = NO;
				GCC_OPTIMIZATION_LEVEL = 0;
				GCC_PREPROCESSOR_DEFINITIONS = (
					"DEBUG=1",
					"$(inherited)",
				);
				GCC_SYMBOLS_PRIVATE_EXTERN = NO;
				GCC_WARN_64_TO_32_BIT_CONVERSION = YES;
				GCC_WARN_ABOUT_RETURN_TYPE = YES_ERROR;
				GCC_WARN_UNDECLARED_SELECTOR = YES;
				GCC_WARN_UNINITIALIZED_AUTOS = YES_AGGRESSIVE;
				GCC_WARN_UNUSED_FUNCTION = YES;
				GCC_WARN_UNUSED_VARIABLE = YES;
				IPHONEOS_DEPLOYMENT_TARGET = 8.0;
				METAL_ENABLE_DEBUG_INFO = YES;
				ONLY_ACTIVE_ARCH = YES;
				SDKROOT = iphoneos;
				SWIFT_OPTIMIZATION_LEVEL = "-Onone";
			};
			name = Debug;
		};
		167F80C41956CB44007CBD03 /* Release */ = {
			isa = XCBuildConfiguration;
			buildSettings = {
				ALWAYS_SEARCH_USER_PATHS = NO;
				CLANG_CXX_LANGUAGE_STANDARD = "gnu++0x";
				CLANG_CXX_LIBRARY = "libc++";
				CLANG_ENABLE_MODULES = YES;
				CLANG_ENABLE_OBJC_ARC = YES;
				CLANG_WARN_BOOL_CONVERSION = YES;
				CLANG_WARN_CONSTANT_CONVERSION = YES;
				CLANG_WARN_DIRECT_OBJC_ISA_USAGE = YES_ERROR;
				CLANG_WARN_EMPTY_BODY = YES;
				CLANG_WARN_ENUM_CONVERSION = YES;
				CLANG_WARN_INT_CONVERSION = YES;
				CLANG_WARN_OBJC_ROOT_CLASS = YES_ERROR;
				CLANG_WARN_UNREACHABLE_CODE = YES;
				CLANG_WARN__DUPLICATE_METHOD_MATCH = YES;
				"CODE_SIGN_IDENTITY[sdk=iphoneos*]" = "iPhone Developer";
				COPY_PHASE_STRIP = YES;
				ENABLE_NS_ASSERTIONS = NO;
				ENABLE_STRICT_OBJC_MSGSEND = YES;
				GCC_C_LANGUAGE_STANDARD = gnu99;
				GCC_WARN_64_TO_32_BIT_CONVERSION = YES;
				GCC_WARN_ABOUT_RETURN_TYPE = YES_ERROR;
				GCC_WARN_UNDECLARED_SELECTOR = YES;
				GCC_WARN_UNINITIALIZED_AUTOS = YES_AGGRESSIVE;
				GCC_WARN_UNUSED_FUNCTION = YES;
				GCC_WARN_UNUSED_VARIABLE = YES;
				IPHONEOS_DEPLOYMENT_TARGET = 8.0;
				METAL_ENABLE_DEBUG_INFO = NO;
				SDKROOT = iphoneos;
				VALIDATE_PRODUCT = YES;
			};
			name = Release;
		};
		167F80C61956CB44007CBD03 /* Debug */ = {
			isa = XCBuildConfiguration;
			buildSettings = {
				ASSETCATALOG_COMPILER_APPICON_NAME = AppIcon;
				ASSETCATALOG_COMPILER_LAUNCHIMAGE_NAME = LaunchImage;
				INFOPLIST_FILE = SwiftLesson/Info.plist;
				LD_RUNPATH_SEARCH_PATHS = "$(inherited) @executable_path/Frameworks";
				PRODUCT_NAME = "$(TARGET_NAME)";
			};
			name = Debug;
		};
		167F80C71956CB44007CBD03 /* Release */ = {
			isa = XCBuildConfiguration;
			buildSettings = {
				ASSETCATALOG_COMPILER_APPICON_NAME = AppIcon;
				ASSETCATALOG_COMPILER_LAUNCHIMAGE_NAME = LaunchImage;
				INFOPLIST_FILE = SwiftLesson/Info.plist;
				LD_RUNPATH_SEARCH_PATHS = "$(inherited) @executable_path/Frameworks";
				PRODUCT_NAME = "$(TARGET_NAME)";
			};
			name = Release;
		};
		167F80C91956CB44007CBD03 /* Debug */ = {
			isa = XCBuildConfiguration;
			buildSettings = {
				BUNDLE_LOADER = "$(BUILT_PRODUCTS_DIR)/SwiftLesson.app/SwiftLesson";
				FRAMEWORK_SEARCH_PATHS = (
					"$(SDKROOT)/Developer/Library/Frameworks",
					"$(inherited)",
				);
				GCC_PREPROCESSOR_DEFINITIONS = (
					"DEBUG=1",
					"$(inherited)",
				);
				INFOPLIST_FILE = SwiftLessonTests/Info.plist;
				LD_RUNPATH_SEARCH_PATHS = "$(inherited) @executable_path/Frameworks @loader_path/Frameworks";
				METAL_ENABLE_DEBUG_INFO = YES;
				PRODUCT_NAME = "$(TARGET_NAME)";
				TEST_HOST = "$(BUNDLE_LOADER)";
			};
			name = Debug;
		};
		167F80CA1956CB44007CBD03 /* Release */ = {
			isa = XCBuildConfiguration;
			buildSettings = {
				BUNDLE_LOADER = "$(BUILT_PRODUCTS_DIR)/SwiftLesson.app/SwiftLesson";
				FRAMEWORK_SEARCH_PATHS = (
					"$(SDKROOT)/Developer/Library/Frameworks",
					"$(inherited)",
				);
				INFOPLIST_FILE = SwiftLessonTests/Info.plist;
				LD_RUNPATH_SEARCH_PATHS = "$(inherited) @executable_path/Frameworks @loader_path/Frameworks";
				METAL_ENABLE_DEBUG_INFO = NO;
				PRODUCT_NAME = "$(TARGET_NAME)";
				TEST_HOST = "$(BUNDLE_LOADER)";
			};
			name = Release;
		};
/* End XCBuildConfiguration section */

/* Begin XCConfigurationList section */
		167F80A11956CB44007CBD03 /* Build configuration list for PBXProject "SwiftLesson" */ = {
			isa = XCConfigurationList;
			buildConfigurations = (
				167F80C31956CB44007CBD03 /* Debug */,
				167F80C41956CB44007CBD03 /* Release */,
			);
			defaultConfigurationIsVisible = 0;
			defaultConfigurationName = Release;
		};
		167F80C51956CB44007CBD03 /* Build configuration list for PBXNativeTarget "SwiftLesson" */ = {
			isa = XCConfigurationList;
			buildConfigurations = (
				167F80C61956CB44007CBD03 /* Debug */,
				167F80C71956CB44007CBD03 /* Release */,
			);
			defaultConfigurationIsVisible = 0;
		};
		167F80C81956CB44007CBD03 /* Build configuration list for PBXNativeTarget "SwiftLessonTests" */ = {
			isa = XCConfigurationList;
			buildConfigurations = (
				167F80C91956CB44007CBD03 /* Debug */,
				167F80CA1956CB44007CBD03 /* Release */,
			);
			defaultConfigurationIsVisible = 0;
		};
/* End XCConfigurationList section */

/* Begin XCVersionGroup section */
		167F80AD1956CB44007CBD03 /* SwiftLesson.xcdatamodeld */ = {
			isa = XCVersionGroup;
			children = (
				167F80AE1956CB44007CBD03 /* SwiftLesson.xcdatamodel */,
			);
			currentVersion = 167F80AE1956CB44007CBD03 /* SwiftLesson.xcdatamodel */;
			path = SwiftLesson.xcdatamodeld;
			sourceTree = "<group>";
			versionGroupType = wrapper.xcdatamodel;
		};
/* End XCVersionGroup section */
	};
	rootObject = 167F809E1956CB44007CBD03 /* Project object */;
}
